
Microsoft Visual Studio Solution File, Format Version 12.00
# Visual Studio Version 16
VisualStudioVersion = 16.0.29326.143
MinimumVisualStudioVersion = 10.0.40219.1
Project("{FAE04EC0-301F-11D3-BF4B-00C04F79EFBC}") = "todoMvcApplicationNetCore", "todoMvcApplicationNetCore\todoMvcApplicationNetCore.csproj", "{5EEF4957-B267-4340-9D5D-68CD026298BA}"
EndProject
Global
	GlobalSection(SolutionConfigurationPlatforms) = preSolution
		Debug|Any CPU = Debug|Any CPU
		Release|Any CPU = Release|Any CPU
	EndGlobalSection
	GlobalSection(ProjectConfigurationPlatforms) = postSolution
		{5EEF4957-B267-4340-9D5D-68CD026298BA}.Debug|Any CPU.ActiveCfg = Debug|Any CPU
		{5EEF4957-B267-4340-9D5D-68CD026298BA}.Debug|Any CPU.Build.0 = Debug|Any CPU
		{5EEF4957-B267-4340-9D5D-68CD026298BA}.Release|Any CPU.ActiveCfg = Release|Any CPU
		{5EEF4957-B267-4340-9D5D-68CD026298BA}.Release|Any CPU.Build.0 = Release|Any CPU
	EndGlobalSection
	GlobalSection(SolutionProperties) = preSolution
		HideSolutionNode = FALSE
	EndGlobalSection
	GlobalSection(ExtensibilityGlobals) = postSolution
		SolutionGuid = {1FDC50E8-A047-4521-B8FD-E6FBDFAC1525}
	EndGlobalSection
EndGlobal
